
Microsoft Visual Studio Solution File, Format Version 12.00
# Visual Studio Version 17
VisualStudioVersion = 17.13.35825.156 d17.13
MinimumVisualStudioVersion = 10.0.40219.1
Project("{FAE04EC0-301F-11D3-BF4B-00C04F79EFBC}") = "LoginAuthentication", "LoginAuthentication.csproj", "{A87211A8-C588-4C63-8DF5-55C8E9497648}"
EndProject
Global
	GlobalSection(SolutionConfigurationPlatforms) = preSolution
		Debug|Any CPU = Debug|Any CPU
		Release|Any CPU = Release|Any CPU
	EndGlobalSection
	GlobalSection(ProjectConfigurationPlatforms) = postSolution
		{A87211A8-C588-4C63-8DF5-55C8E9497648}.Debug|Any CPU.ActiveCfg = Debug|Any CPU
		{A87211A8-C588-4C63-8DF5-55C8E9497648}.Debug|Any CPU.Build.0 = Debug|Any CPU
		{A87211A8-C588-4C63-8DF5-55C8E9497648}.Release|Any CPU.ActiveCfg = Release|Any CPU
		{A87211A8-C588-4C63-8DF5-55C8E9497648}.Release|Any CPU.Build.0 = Release|Any CPU
	EndGlobalSection
	GlobalSection(SolutionProperties) = preSolution
		HideSolutionNode = FALSE
	EndGlobalSection
	GlobalSection(ExtensibilityGlobals) = postSolution
		SolutionGuid = {3FFEF162-82D9-4ED2-99F6-60CC7FD07BCD}
	EndGlobalSection
EndGlobal
